
Microsoft Visual Studio Solution File, Format Version 12.00
# Visual Studio Version 17
VisualStudioVersion = 17.3.32819.101
MinimumVisualStudioVersion = 10.0.40219.1
Project("{FAE04EC0-301F-11D3-BF4B-00C04F79EFBC}") = "CompSci", "CompSci.csproj", "{0AB83328-8242-4B79-A166-670DD57C4043}"
EndProject
Global
	GlobalSection(SolutionConfigurationPlatforms) = preSolution
		Debug|Any CPU = Debug|Any CPU
		Release|Any CPU = Release|Any CPU
	EndGlobalSection
	GlobalSection(ProjectConfigurationPlatforms) = postSolution
		{0AB83328-8242-4B79-A166-670DD57C4043}.Debug|Any CPU.ActiveCfg = Debug|Any CPU
		{0AB83328-8242-4B79-A166-670DD57C4043}.Debug|Any CPU.Build.0 = Debug|Any CPU
		{0AB83328-8242-4B79-A166-670DD57C4043}.Release|Any CPU.ActiveCfg = Release|Any CPU
		{0AB83328-8242-4B79-A166-670DD57C4043}.Release|Any CPU.Build.0 = Release|Any CPU
	EndGlobalSection
	GlobalSection(SolutionProperties) = preSolution
		HideSolutionNode = FALSE
	EndGlobalSection
	GlobalSection(ExtensibilityGlobals) = postSolution
		SolutionGuid = {F7566FF5-F553-4433-87F4-2F0BCCC36FA5}
	EndGlobalSection
EndGlobal
